
Microsoft Visual Studio Solution File, Format Version 12.00
# Visual Studio Version 17
VisualStudioVersion = 17.7.34221.43
MinimumVisualStudioVersion = 10.0.40219.1
Project("{FAE04EC0-301F-11D3-BF4B-00C04F79EFBC}") = "RealPromoApiWeb", "RealPromoApiWeb\RealPromoApiWeb.csproj", "{65A6A11F-67AF-4A9D-9608-C4F6BD1F5F3B}"
EndProject
Global
	GlobalSection(SolutionConfigurationPlatforms) = preSolution
		Debug|Any CPU = Debug|Any CPU
		Release|Any CPU = Release|Any CPU
	EndGlobalSection
	GlobalSection(ProjectConfigurationPlatforms) = postSolution
		{65A6A11F-67AF-4A9D-9608-C4F6BD1F5F3B}.Debug|Any CPU.ActiveCfg = Debug|Any CPU
		{65A6A11F-67AF-4A9D-9608-C4F6BD1F5F3B}.Debug|Any CPU.Build.0 = Debug|Any CPU
		{65A6A11F-67AF-4A9D-9608-C4F6BD1F5F3B}.Release|Any CPU.ActiveCfg = Release|Any CPU
		{65A6A11F-67AF-4A9D-9608-C4F6BD1F5F3B}.Release|Any CPU.Build.0 = Release|Any CPU
	EndGlobalSection
	GlobalSection(SolutionProperties) = preSolution
		HideSolutionNode = FALSE
	EndGlobalSection
	GlobalSection(ExtensibilityGlobals) = postSolution
		SolutionGuid = {227B2715-1996-4B9E-9C42-DE8433F5BA85}
	EndGlobalSection
EndGlobal
